# This file is automatically @generated by Poetry 2.1.4 and should not be changed by hand.

[[package]]
name = "macos-notifications"
version = "0.2.1"
description = "Simple interactable Mac notifications with only pure-python dependencies"
optional = false
python-versions = ">=3.7"
groups = ["main"]
files = [
    {file = "macos_notifications-0.2.1-py3-none-any.whl", hash = "sha256:925df16126d861b0d78888e401c648e537ff89f334e8c8e899babf455f8b950c"},
    {file = "macos_notifications-0.2.1.tar.gz", hash = "sha256:833cb4776f72c399cea303fd21748fafbe278e5555a3858121cc6fafcc363ee1"},
]

[package.dependencies]
pyobjc-core = ">=9.1.1"
pyobjc-framework-Cocoa = ">=9.1.1"

[package.extras]
dev = ["pre-commit (>=2.19.0,<3.0.0)"]
doc = ["mkdocs (>=1.3.0,<2.0.0)", "mkdocs-material (>=8.3.9,<9.0.0)", "mkdocstrings[python] (>=0.19.0,<1.0.0)", "termynal (>=0.2.0,<1.0.0)"]
test = ["black (>=22.6.0,<23.0.0)", "flake8 (>=4.0.0,<5.0.0)", "isort (>=5.10.1,<6.0.0)", "mypy (==0.910)"]

[[package]]
name = "mouseinfo"
version = "0.1.3"
description = "An application to display XY position and RGB color information for the pixel currently under the mouse. Works on Python 2 and 3."
optional = false
python-versions = "*"
groups = ["main"]
files = [
    {file = "MouseInfo-0.1.3.tar.gz", hash = "sha256:2c62fb8885062b8e520a3cce0a297c657adcc08c60952eb05bc8256ef6f7f6e7"},
]

[package.dependencies]
pyperclip = "*"
python3-Xlib = {version = "*", markers = "platform_system == \"Linux\" and python_version >= \"3.0\""}
rubicon-objc = {version = "*", markers = "platform_system == \"Darwin\""}

[[package]]
name = "pyautogui"
version = "0.9.54"
description = "PyAutoGUI lets Python control the mouse and keyboard, and other GUI automation tasks. For Windows, macOS, and Linux, on Python 3 and 2."
optional = false
python-versions = "*"
groups = ["main"]
files = [
    {file = "PyAutoGUI-0.9.54.tar.gz", hash = "sha256:dd1d29e8fd118941cb193f74df57e5c6ff8e9253b99c7b04f39cfc69f3ae04b2"},
]

[package.dependencies]
mouseinfo = "*"
pygetwindow = ">=0.0.5"
pymsgbox = "*"
pyobjc-core = {version = "*", markers = "platform_system == \"Darwin\""}
pyobjc-framework-quartz = {version = "*", markers = "platform_system == \"Darwin\""}
pyscreeze = ">=0.1.21"
python3-Xlib = {version = "*", markers = "platform_system == \"Linux\" and python_version >= \"3.0\""}
pytweening = ">=1.0.4"

[[package]]
name = "pygetwindow"
version = "0.0.9"
description = "A simple, cross-platform module for obtaining GUI information on application's windows."
optional = false
python-versions = "*"
groups = ["main"]
files = [
    {file = "PyGetWindow-0.0.9.tar.gz", hash = "sha256:17894355e7d2b305cd832d717708384017c1698a90ce24f6f7fbf0242dd0a688"},
]

[package.dependencies]
pyrect = "*"

[[package]]
name = "pymsgbox"
version = "1.0.9"
description = "A simple, cross-platform, pure Python module for JavaScript-like message boxes."
optional = false
python-versions = "*"
groups = ["main"]
files = [
    {file = "PyMsgBox-1.0.9.tar.gz", hash = "sha256:2194227de8bff7a3d6da541848705a155dcbb2a06ee120d9f280a1d7f51263ff"},
]

[[package]]
name = "pyobjc-core"
version = "11.1"
description = "Python<->ObjC Interoperability Module"
optional = false
python-versions = ">=3.8"
groups = ["main"]
files = [
    {file = "pyobjc_core-11.1-cp310-cp310-macosx_10_9_universal2.whl", hash = "sha256:4c7536f3e94de0a3eae6bb382d75f1219280aa867cdf37beef39d9e7d580173c"},
    {file = "pyobjc_core-11.1-cp311-cp311-macosx_10_9_universal2.whl", hash = "sha256:ec36680b5c14e2f73d432b03ba7c1457dc6ca70fa59fd7daea1073f2b4157d33"},
    {file = "pyobjc_core-11.1-cp312-cp312-macosx_10_13_universal2.whl", hash = "sha256:765b97dea6b87ec4612b3212258024d8496ea23517c95a1c5f0735f96b7fd529"},
    {file = "pyobjc_core-11.1-cp313-cp313-macosx_10_13_universal2.whl", hash = "sha256:18986f83998fbd5d3f56d8a8428b2f3e0754fd15cef3ef786ca0d29619024f2c"},
    {file = "pyobjc_core-11.1-cp313-cp313t-macosx_10_13_universal2.whl", hash = "sha256:8849e78cfe6595c4911fbba29683decfb0bf57a350aed8a43316976ba6f659d2"},
    {file = "pyobjc_core-11.1-cp314-cp314-macosx_11_0_universal2.whl", hash = "sha256:8cb9ed17a8d84a312a6e8b665dd22393d48336ea1d8277e7ad20c19a38edf731"},
    {file = "pyobjc_core-11.1-cp314-cp314t-macosx_11_0_universal2.whl", hash = "sha256:f2455683e807f8541f0d83fbba0f5d9a46128ab0d5cc83ea208f0bec759b7f96"},
    {file = "pyobjc_core-11.1-cp39-cp39-macosx_10_9_universal2.whl", hash = "sha256:4a99e6558b48b8e47c092051e7b3be05df1c8d0617b62f6fa6a316c01902d157"},
    {file = "pyobjc_core-11.1.tar.gz", hash = "sha256:b63d4d90c5df7e762f34739b39cc55bc63dbcf9fb2fb3f2671e528488c7a87fe"},
]

[[package]]
name = "pyobjc-framework-cocoa"
version = "11.1"
description = "Wrappers for the Cocoa frameworks on macOS"
optional = false
python-versions = ">=3.9"
groups = ["main"]
files = [
    {file = "pyobjc_framework_cocoa-11.1-cp310-cp310-macosx_10_9_universal2.whl", hash = "sha256:b27a5bdb3ab6cdeb998443ff3fce194ffae5f518c6a079b832dbafc4426937f9"},
    {file = "pyobjc_framework_cocoa-11.1-cp311-cp311-macosx_10_9_universal2.whl", hash = "sha256:7b9a9b8ba07f5bf84866399e3de2aa311ed1c34d5d2788a995bdbe82cc36cfa0"},
    {file = "pyobjc_framework_cocoa-11.1-cp312-cp312-macosx_10_13_universal2.whl", hash = "sha256:806de56f06dfba8f301a244cce289d54877c36b4b19818e3b53150eb7c2424d0"},
    {file = "pyobjc_framework_cocoa-11.1-cp313-cp313-macosx_10_13_universal2.whl", hash = "sha256:54e93e1d9b0fc41c032582a6f0834befe1d418d73893968f3f450281b11603da"},
    {file = "pyobjc_framework_cocoa-11.1-cp313-cp313t-macosx_10_13_universal2.whl", hash = "sha256:fd5245ee1997d93e78b72703be1289d75d88ff6490af94462b564892e9266350"},
    {file = "pyobjc_framework_cocoa-11.1-cp314-cp314-macosx_11_0_universal2.whl", hash = "sha256:aede53a1afc5433e1e7d66568cc52acceeb171b0a6005407a42e8e82580b4fc0"},
    {file = "pyobjc_framework_cocoa-11.1-cp314-cp314t-macosx_11_0_universal2.whl", hash = "sha256:1b5de4e1757bb65689d6dc1f8d8717de9ec8587eb0c4831c134f13aba29f9b71"},
    {file = "pyobjc_framework_cocoa-11.1-cp39-cp39-macosx_10_9_universal2.whl", hash = "sha256:bbee71eeb93b1b31ffbac8560b59a0524a8a4b90846a260d2c4f2188f3d4c721"},
    {file = "pyobjc_framework_cocoa-11.1.tar.gz", hash = "sha256:87df76b9b73e7ca699a828ff112564b59251bb9bbe72e610e670a4dc9940d038"},
]

[package.dependencies]
pyobjc-core = ">=11.1"

[[package]]
name = "pyobjc-framework-quartz"
version = "11.1"
description = "Wrappers for the Quartz frameworks on macOS"
optional = false
python-versions = ">=3.9"
groups = ["main"]
markers = "platform_system == \"Darwin\""
files = [
    {file = "pyobjc_framework_quartz-11.1-cp310-cp310-macosx_10_9_universal2.whl", hash = "sha256:b5ef75c416b0209e25b2eb07a27bd7eedf14a8c6b2f968711969d45ceceb0f84"},
    {file = "pyobjc_framework_quartz-11.1-cp311-cp311-macosx_10_9_universal2.whl", hash = "sha256:2d501fe95ef15d8acf587cb7dc4ab4be3c5a84e2252017da8dbb7df1bbe7a72a"},
    {file = "pyobjc_framework_quartz-11.1-cp312-cp312-macosx_10_13_universal2.whl", hash = "sha256:9ac806067541917d6119b98d90390a6944e7d9bd737f5c0a79884202327c9204"},
    {file = "pyobjc_framework_quartz-11.1-cp313-cp313-macosx_10_13_universal2.whl", hash = "sha256:43a1138280571bbf44df27a7eef519184b5c4183a588598ebaaeb887b9e73e76"},
    {file = "pyobjc_framework_quartz-11.1-cp313-cp313t-macosx_10_13_universal2.whl", hash = "sha256:b23d81c30c564adf6336e00b357f355b35aad10075dd7e837cfd52a9912863e5"},
    {file = "pyobjc_framework_quartz-11.1-cp314-cp314-macosx_11_0_universal2.whl", hash = "sha256:07cbda78b4a8fcf3a2d96e047a2ff01f44e3e1820f46f0f4b3b6d77ff6ece07c"},
    {file = "pyobjc_framework_quartz-11.1-cp314-cp314t-macosx_11_0_universal2.whl", hash = "sha256:39d02a3df4b5e3eee1e0da0fb150259476910d2a9aa638ab94153c24317a9561"},
    {file = "pyobjc_framework_quartz-11.1-cp39-cp39-macosx_10_9_universal2.whl", hash = "sha256:9b1f451ddb5243d8d6316af55f240a02b0fffbfe165bff325628bf73f3df7f44"},
    {file = "pyobjc_framework_quartz-11.1.tar.gz", hash = "sha256:a57f35ccfc22ad48c87c5932818e583777ff7276605fef6afad0ac0741169f75"},
]

[package.dependencies]
pyobjc-core = ">=11.1"
pyobjc-framework-Cocoa = ">=11.1"

[[package]]
name = "pyperclip"
version = "1.9.0"
description = "A cross-platform clipboard module for Python. (Only handles plain text for now.)"
optional = false
python-versions = "*"
groups = ["main"]
files = [
    {file = "pyperclip-1.9.0.tar.gz", hash = "sha256:b7de0142ddc81bfc5c7507eea19da920b92252b548b96186caf94a5e2527d310"},
]

[[package]]
name = "pyrect"
version = "0.2.0"
description = "PyRect is a simple module with a Rect class for Pygame-like rectangular areas."
optional = false
python-versions = "*"
groups = ["main"]
files = [
    {file = "PyRect-0.2.0.tar.gz", hash = "sha256:f65155f6df9b929b67caffbd57c0947c5ae5449d3b580d178074bffb47a09b78"},
]

[[package]]
name = "pyscreeze"
version = "1.0.1"
description = "A simple, cross-platform screenshot module for Python 2 and 3."
optional = false
python-versions = "*"
groups = ["main"]
files = [
    {file = "pyscreeze-1.0.1.tar.gz", hash = "sha256:cf1662710f1b46aa5ff229ee23f367da9e20af4a78e6e365bee973cad0ead4be"},
]

[[package]]
name = "python3-xlib"
version = "0.15"
description = "Python3 X Library"
optional = false
python-versions = "*"
groups = ["main"]
markers = "platform_system == \"Linux\""
files = [
    {file = "python3-xlib-0.15.tar.gz", hash = "sha256:dc4245f3ae4aa5949c1d112ee4723901ade37a96721ba9645f2bfa56e5b383f8"},
]

[[package]]
name = "pytweening"
version = "1.2.0"
description = "A collection of tweening (aka easing) functions."
optional = false
python-versions = "*"
groups = ["main"]
files = [
    {file = "pytweening-1.2.0.tar.gz", hash = "sha256:243318b7736698066c5f362ec5c2b6434ecf4297c3c8e7caa8abfe6af4cac71b"},
]

[[package]]
name = "rubicon-objc"
version = "0.5.2"
description = "A bridge between an Objective C runtime environment and Python."
optional = false
python-versions = ">=3.9"
groups = ["main"]
markers = "platform_system == \"Darwin\""
files = [
    {file = "rubicon_objc-0.5.2-py3-none-any.whl", hash = "sha256:829b253c579e51fc34f4bb6587c34806e78960dcc1eb24e62b38141a1fe02b39"},
    {file = "rubicon_objc-0.5.2.tar.gz", hash = "sha256:1180593935f6a8a39c23b5f4b7baa24aedf9f7285e80804a1d9d6b50a50572f5"},
]

[package.extras]
dev = ["pre-commit (==4.2.0)", "pytest (==8.4.1)", "setuptools_scm (==8.3.1)", "tox (==4.28.4)"]
docs = ["furo (==2025.7.19)", "pyenchant (==3.2.2)", "sphinx (==8.2.3)", "sphinx-autobuild (==2024.10.3)", "sphinx-copybutton (==0.5.2)", "sphinx_tabs (==3.4.7)", "sphinxcontrib-spelling (==8.0.1)"]

[metadata]
lock-version = "2.1"
python-versions = ">=3.13"
content-hash = "52438b71cc82c8b3a12affb8194f50d64beab9041ab725b694f60c3527fd0f18"
